
Microsoft Visual Studio Solution File, Format Version 12.00
# Visual Studio Version 17
VisualStudioVersion = 17.0.32126.317
MinimumVisualStudioVersion = 10.0.40219.1
Project("{8BC9CEB8-8B4A-11D0-8D11-00A0C91BC942}") = "ExplorerPatcher", "ExplorerPatcher\ExplorerPatcher.vcxproj", "{DB3E4319-2969-42B6-B7E8-BB57AA8C9FA9}"
	ProjectSection(ProjectDependencies) = postProject
		{314A50C1-F0A0-4D0C-89E1-AD8F3951043E} = {314A50C1-F0A0-4D0C-89E1-AD8F3951043E}
		{AF02ABAC-EAEB-471C-9957-73D430B8B4DE} = {AF02ABAC-EAEB-471C-9957-73D430B8B4DE}
	EndProjectSection
EndProject
Project("{8BC9CEB8-8B4A-11D0-8D11-00A0C91BC942}") = "ep_generate_release_description", "ep_generate_release_description\ep_generate_release_description.vcxproj", "{C362CFBE-7C6B-4457-8D01-839818D42ECB}"
EndProject
Project("{8BC9CEB8-8B4A-11D0-8D11-00A0C91BC942}") = "ep_generate_release_name", "ep_generate_release_name\ep_generate_release_name.vcxproj", "{78D0C3CF-25C0-41D4-9359-0E9AB72B9874}"
EndProject
Project("{8BC9CEB8-8B4A-11D0-8D11-00A0C91BC942}") = "ep_setup", "ep_setup\ep_setup.vcxproj", "{2FD40B09-F224-4E9A-B2FE-A22B50B2DEBF}"
	ProjectSection(ProjectDependencies) = postProject
		{1ECCAB38-61B6-4C85-BBB5-2E2232DA3A87} = {1ECCAB38-61B6-4C85-BBB5-2E2232DA3A87}
		{314A50C1-F0A0-4D0C-89E1-AD8F3951043E} = {314A50C1-F0A0-4D0C-89E1-AD8F3951043E}
		{6BF03EEA-200A-4698-9555-057DD52B0C78} = {6BF03EEA-200A-4698-9555-057DD52B0C78}
		{DB3E4319-2969-42B6-B7E8-BB57AA8C9FA9} = {DB3E4319-2969-42B6-B7E8-BB57AA8C9FA9}
	EndProjectSection
EndProject
Project("{8BC9CEB8-8B4A-11D0-8D11-00A0C91BC942}") = "ep_setup_patch", "ep_setup_patch\ep_setup_patch.vcxproj", "{0C13E5F3-106B-4836-A7C2-8E5808A6ED78}"
	ProjectSection(ProjectDependencies) = postProject
		{2FD40B09-F224-4E9A-B2FE-A22B50B2DEBF} = {2FD40B09-F224-4E9A-B2FE-A22B50B2DEBF}
	EndProjectSection
EndProject
Project("{8BC9CEB8-8B4A-11D0-8D11-00A0C91BC942}") = "ep_dwm", "ep_dwm\ep_dwm\ep_dwm.vcxproj", "{1ECCAB38-61B6-4C85-BBB5-2E2232DA3A87}"
EndProject
Project("{8BC9CEB8-8B4A-11D0-8D11-00A0C91BC942}") = "ep_weather_host", "ep_weather_host\ep_weather_host.vcxproj", "{314A50C1-F0A0-4D0C-89E1-AD8F3951043E}"
	ProjectSection(ProjectDependencies) = postProject
		{AF02ABAC-EAEB-471C-9957-73D430B8B4DE} = {AF02ABAC-EAEB-471C-9957-73D430B8B4DE}
	EndProjectSection
EndProject
Project("{8BC9CEB8-8B4A-11D0-8D11-00A0C91BC942}") = "ep_weather_host_stub", "ep_weather_host_stub\ep_weather_host_stub.vcxproj", "{AF02ABAC-EAEB-471C-9957-73D430B8B4DE}"
EndProject
Project("{8BC9CEB8-8B4A-11D0-8D11-00A0C91BC942}") = "ep_startmenu", "ep_startmenu\ep_startmenu.vcxproj", "{6BF03EEA-200A-4698-9555-057DD52B0C78}"
EndProject
Project("{9A19103F-16F7-4668-BE54-9A1E7A4F7556}") = "SettingsLauncher", "SettingsLauncher\SettingsLauncher.csproj", "{E51E1965-23C1-43DF-946E-6C0CD51FB058}"
EndProject
Project("{9A19103F-16F7-4668-BE54-9A1E7A4F7556}") = "SettingsLauncher.Core", "SettingsLauncher.Core\SettingsLauncher.Core.csproj", "{1A116C1A-DBE9-4368-9E64-AEC5F7085995}"
EndProject
Project("{8BC9CEB8-8B4A-11D0-8D11-00A0C91BC942}") = "ep_extra", "ep_extra\ep_extra.vcxproj", "{93FA47CC-7753-4F86-B583-69048F51C5AB}"
EndProject
Project("{8BC9CEB8-8B4A-11D0-8D11-00A0C91BC942}") = "ep_extra_valinet.win7alttab", "ep_extra_valinet.win7alttab\ep_extra_valinet.win7alttab.vcxproj", "{A66C5F27-DBF8-45A4-BDF3-BA54D8D82D0F}"
	ProjectSection(ProjectDependencies) = postProject
		{93FA47CC-7753-4F86-B583-69048F51C5AB} = {93FA47CC-7753-4F86-B583-69048F51C5AB}
	EndProjectSection
EndProject
Project("{FAE04EC0-301F-11D3-BF4B-00C04F79EFBC}") = "ClassicTaskbarWrapper", "ClassicTaskbarWrapper\ClassicTaskbarWrapper.csproj", "{2E04AA45-F3DB-4DBD-A3D2-D262A675987D}"
EndProject
Global
	GlobalSection(SolutionConfigurationPlatforms) = preSolution
		Debug|amd64 = Debug|amd64
		Debug|Any CPU = Debug|Any CPU
		Debug|ARM64 = Debug|ARM64
		Debug|IA-32 = Debug|IA-32
		Debug|Win32 = Debug|Win32
		Debug|x64 = Debug|x64
		Debug|x86 = Debug|x86
		Release|amd64 = Release|amd64
		Release|Any CPU = Release|Any CPU
		Release|ARM64 = Release|ARM64
		Release|IA-32 = Release|IA-32
		Release|Win32 = Release|Win32
		Release|x64 = Release|x64
		Release|x86 = Release|x86
	EndGlobalSection
	GlobalSection(ProjectConfigurationPlatforms) = postSolution
		{DB3E4319-2969-42B6-B7E8-BB57AA8C9FA9}.Debug|amd64.ActiveCfg = Debug|x64
		{DB3E4319-2969-42B6-B7E8-BB57AA8C9FA9}.Debug|amd64.Build.0 = Debug|x64
		{DB3E4319-2969-42B6-B7E8-BB57AA8C9FA9}.Debug|Any CPU.ActiveCfg = Debug|x64
		{DB3E4319-2969-42B6-B7E8-BB57AA8C9FA9}.Debug|Any CPU.Build.0 = Debug|x64
		{DB3E4319-2969-42B6-B7E8-BB57AA8C9FA9}.Debug|ARM64.ActiveCfg = Debug|x64
		{DB3E4319-2969-42B6-B7E8-BB57AA8C9FA9}.Debug|ARM64.Build.0 = Debug|x64
		{DB3E4319-2969-42B6-B7E8-BB57AA8C9FA9}.Debug|IA-32.ActiveCfg = Debug|Win32
		{DB3E4319-2969-42B6-B7E8-BB57AA8C9FA9}.Debug|IA-32.Build.0 = Debug|Win32
		{DB3E4319-2969-42B6-B7E8-BB57AA8C9FA9}.Debug|Win32.ActiveCfg = Debug|Win32
		{DB3E4319-2969-42B6-B7E8-BB57AA8C9FA9}.Debug|Win32.Build.0 = Debug|Win32
		{DB3E4319-2969-42B6-B7E8-BB57AA8C9FA9}.Debug|x64.ActiveCfg = Debug|x64
		{DB3E4319-2969-42B6-B7E8-BB57AA8C9FA9}.Debug|x64.Build.0 = Debug|x64
		{DB3E4319-2969-42B6-B7E8-BB57AA8C9FA9}.Debug|x86.ActiveCfg = Debug|Win32
		{DB3E4319-2969-42B6-B7E8-BB57AA8C9FA9}.Debug|x86.Build.0 = Debug|Win32
		{DB3E4319-2969-42B6-B7E8-BB57AA8C9FA9}.Release|amd64.ActiveCfg = Release|x64
		{DB3E4319-2969-42B6-B7E8-BB57AA8C9FA9}.Release|amd64.Build.0 = Release|x64
		{DB3E4319-2969-42B6-B7E8-BB57AA8C9FA9}.Release|Any CPU.ActiveCfg = Release|x64
		{DB3E4319-2969-42B6-B7E8-BB57AA8C9FA9}.Release|Any CPU.Build.0 = Release|x64
		{DB3E4319-2969-42B6-B7E8-BB57AA8C9FA9}.Release|ARM64.ActiveCfg = Release|x64
		{DB3E4319-2969-42B6-B7E8-BB57AA8C9FA9}.Release|ARM64.Build.0 = Release|x64
		{DB3E4319-2969-42B6-B7E8-BB57AA8C9FA9}.Release|IA-32.ActiveCfg = Release|Win32
		{DB3E4319-2969-42B6-B7E8-BB57AA8C9FA9}.Release|IA-32.Build.0 = Release|Win32
		{DB3E4319-2969-42B6-B7E8-BB57AA8C9FA9}.Release|Win32.ActiveCfg = Release|Win32
		{DB3E4319-2969-42B6-B7E8-BB57AA8C9FA9}.Release|Win32.Build.0 = Release|Win32
		{DB3E4319-2969-42B6-B7E8-BB57AA8C9FA9}.Release|x64.ActiveCfg = Release|x64
		{DB3E4319-2969-42B6-B7E8-BB57AA8C9FA9}.Release|x64.Build.0 = Release|x64
		{DB3E4319-2969-42B6-B7E8-BB57AA8C9FA9}.Release|x86.ActiveCfg = Release|Win32
		{DB3E4319-2969-42B6-B7E8-BB57AA8C9FA9}.Release|x86.Build.0 = Release|Win32
		{C362CFBE-7C6B-4457-8D01-839818D42ECB}.Debug|amd64.ActiveCfg = Debug|x64
		{C362CFBE-7C6B-4457-8D01-839818D42ECB}.Debug|amd64.Build.0 = Debug|x64
		{C362CFBE-7C6B-4457-8D01-839818D42ECB}.Debug|Any CPU.ActiveCfg = Debug|x64
		{C362CFBE-7C6B-4457-8D01-839818D42ECB}.Debug|Any CPU.Build.0 = Debug|x64
		{C362CFBE-7C6B-4457-8D01-839818D42ECB}.Debug|ARM64.ActiveCfg = Debug|x64
		{C362CFBE-7C6B-4457-8D01-839818D42ECB}.Debug|ARM64.Build.0 = Debug|x64
		{C362CFBE-7C6B-4457-8D01-839818D42ECB}.Debug|IA-32.ActiveCfg = Debug|Win32
		{C362CFBE-7C6B-4457-8D01-839818D42ECB}.Debug|Win32.ActiveCfg = Debug|Win32
		{C362CFBE-7C6B-4457-8D01-839818D42ECB}.Debug|Win32.Build.0 = Debug|Win32
		{C362CFBE-7C6B-4457-8D01-839818D42ECB}.Debug|x64.ActiveCfg = Debug|x64
		{C362CFBE-7C6B-4457-8D01-839818D42ECB}.Debug|x64.Build.0 = Debug|x64
		{C362CFBE-7C6B-4457-8D01-839818D42ECB}.Debug|x86.ActiveCfg = Debug|Win32
		{C362CFBE-7C6B-4457-8D01-839818D42ECB}.Debug|x86.Build.0 = Debug|Win32
		{C362CFBE-7C6B-4457-8D01-839818D42ECB}.Release|amd64.ActiveCfg = Release|x64
		{C362CFBE-7C6B-4457-8D01-839818D42ECB}.Release|amd64.Build.0 = Release|x64
		{C362CFBE-7C6B-4457-8D01-839818D42ECB}.Release|Any CPU.ActiveCfg = Release|x64
		{C362CFBE-7C6B-4457-8D01-839818D42ECB}.Release|Any CPU.Build.0 = Release|x64
		{C362CFBE-7C6B-4457-8D01-839818D42ECB}.Release|ARM64.ActiveCfg = Release|x64
		{C362CFBE-7C6B-4457-8D01-839818D42ECB}.Release|ARM64.Build.0 = Release|x64
		{C362CFBE-7C6B-4457-8D01-839818D42ECB}.Release|IA-32.ActiveCfg = Release|Win32
		{C362CFBE-7C6B-4457-8D01-839818D42ECB}.Release|Win32.ActiveCfg = Release|Win32
		{C362CFBE-7C6B-4457-8D01-839818D42ECB}.Release|Win32.Build.0 = Release|Win32
		{C362CFBE-7C6B-4457-8D01-839818D42ECB}.Release|x64.ActiveCfg = Release|x64
		{C362CFBE-7C6B-4457-8D01-839818D42ECB}.Release|x64.Build.0 = Release|x64
		{C362CFBE-7C6B-4457-8D01-839818D42ECB}.Release|x86.ActiveCfg = Release|Win32
		{C362CFBE-7C6B-4457-8D01-839818D42ECB}.Release|x86.Build.0 = Release|Win32
		{78D0C3CF-25C0-41D4-9359-0E9AB72B9874}.Debug|amd64.ActiveCfg = Debug|x64
		{78D0C3CF-25C0-41D4-9359-0E9AB72B9874}.Debug|amd64.Build.0 = Debug|x64
		{78D0C3CF-25C0-41D4-9359-0E9AB72B9874}.Debug|Any CPU.ActiveCfg = Debug|x64
		{78D0C3CF-25C0-41D4-9359-0E9AB72B9874}.Debug|Any CPU.Build.0 = Debug|x64
		{78D0C3CF-25C0-41D4-9359-0E9AB72B9874}.Debug|ARM64.ActiveCfg = Debug|x64
		{78D0C3CF-25C0-41D4-9359-0E9AB72B9874}.Debug|ARM64.Build.0 = Debug|x64
		{78D0C3CF-25C0-41D4-9359-0E9AB72B9874}.Debug|IA-32.ActiveCfg = Debug|Win32
		{78D0C3CF-25C0-41D4-9359-0E9AB72B9874}.Debug|Win32.ActiveCfg = Debug|Win32
		{78D0C3CF-25C0-41D4-9359-0E9AB72B9874}.Debug|Win32.Build.0 = Debug|Win32
		{78D0C3CF-25C0-41D4-9359-0E9AB72B9874}.Debug|x64.ActiveCfg = Debug|x64
		{78D0C3CF-25C0-41D4-9359-0E9AB72B9874}.Debug|x64.Build.0 = Debug|x64
		{78D0C3CF-25C0-41D4-9359-0E9AB72B9874}.Debug|x86.ActiveCfg = Debug|Win32
		{78D0C3CF-25C0-41D4-9359-0E9AB72B9874}.Debug|x86.Build.0 = Debug|Win32
		{78D0C3CF-25C0-41D4-9359-0E9AB72B9874}.Release|amd64.ActiveCfg = Release|x64
		{78D0C3CF-25C0-41D4-9359-0E9AB72B9874}.Release|amd64.Build.0 = Release|x64
		{78D0C3CF-25C0-41D4-9359-0E9AB72B9874}.Release|Any CPU.ActiveCfg = Release|x64
		{78D0C3CF-25C0-41D4-9359-0E9AB72B9874}.Release|Any CPU.Build.0 = Release|x64
		{78D0C3CF-25C0-41D4-9359-0E9AB72B9874}.Release|ARM64.ActiveCfg = Release|x64
		{78D0C3CF-25C0-41D4-9359-0E9AB72B9874}.Release|ARM64.Build.0 = Release|x64
		{78D0C3CF-25C0-41D4-9359-0E9AB72B9874}.Release|IA-32.ActiveCfg = Release|Win32
		{78D0C3CF-25C0-41D4-9359-0E9AB72B9874}.Release|Win32.ActiveCfg = Release|Win32
		{78D0C3CF-25C0-41D4-9359-0E9AB72B9874}.Release|Win32.Build.0 = Release|Win32
		{78D0C3CF-25C0-41D4-9359-0E9AB72B9874}.Release|x64.ActiveCfg = Release|x64
		{78D0C3CF-25C0-41D4-9359-0E9AB72B9874}.Release|x64.Build.0 = Release|x64
		{78D0C3CF-25C0-41D4-9359-0E9AB72B9874}.Release|x86.ActiveCfg = Release|Win32
		{78D0C3CF-25C0-41D4-9359-0E9AB72B9874}.Release|x86.Build.0 = Release|Win32
		{2FD40B09-F224-4E9A-B2FE-A22B50B2DEBF}.Debug|amd64.ActiveCfg = Debug|x64
		{2FD40B09-F224-4E9A-B2FE-A22B50B2DEBF}.Debug|amd64.Build.0 = Debug|x64
		{2FD40B09-F224-4E9A-B2FE-A22B50B2DEBF}.Debug|Any CPU.ActiveCfg = Debug|x64
		{2FD40B09-F224-4E9A-B2FE-A22B50B2DEBF}.Debug|Any CPU.Build.0 = Debug|x64
		{2FD40B09-F224-4E9A-B2FE-A22B50B2DEBF}.Debug|ARM64.ActiveCfg = Debug|x64
		{2FD40B09-F224-4E9A-B2FE-A22B50B2DEBF}.Debug|ARM64.Build.0 = Debug|x64
		{2FD40B09-F224-4E9A-B2FE-A22B50B2DEBF}.Debug|IA-32.ActiveCfg = Debug|Win32
		{2FD40B09-F224-4E9A-B2FE-A22B50B2DEBF}.Debug|Win32.ActiveCfg = Debug|Win32
		{2FD40B09-F224-4E9A-B2FE-A22B50B2DEBF}.Debug|Win32.Build.0 = Debug|Win32
		{2FD40B09-F224-4E9A-B2FE-A22B50B2DEBF}.Debug|x64.ActiveCfg = Debug|x64
		{2FD40B09-F224-4E9A-B2FE-A22B50B2DEBF}.Debug|x64.Build.0 = Debug|x64
		{2FD40B09-F224-4E9A-B2FE-A22B50B2DEBF}.Debug|x86.ActiveCfg = Debug|Win32
		{2FD40B09-F224-4E9A-B2FE-A22B50B2DEBF}.Debug|x86.Build.0 = Debug|Win32
		{2FD40B09-F224-4E9A-B2FE-A22B50B2DEBF}.Release|amd64.ActiveCfg = Release|x64
		{2FD40B09-F224-4E9A-B2FE-A22B50B2DEBF}.Release|amd64.Build.0 = Release|x64
		{2FD40B09-F224-4E9A-B2FE-A22B50B2DEBF}.Release|Any CPU.ActiveCfg = Release|x64
		{2FD40B09-F224-4E9A-B2FE-A22B50B2DEBF}.Release|Any CPU.Build.0 = Release|x64
		{2FD40B09-F224-4E9A-B2FE-A22B50B2DEBF}.Release|ARM64.ActiveCfg = Release|x64
		{2FD40B09-F224-4E9A-B2FE-A22B50B2DEBF}.Release|ARM64.Build.0 = Release|x64
		{2FD40B09-F224-4E9A-B2FE-A22B50B2DEBF}.Release|IA-32.ActiveCfg = Release|Win32
		{2FD40B09-F224-4E9A-B2FE-A22B50B2DEBF}.Release|Win32.ActiveCfg = Release|Win32
		{2FD40B09-F224-4E9A-B2FE-A22B50B2DEBF}.Release|Win32.Build.0 = Release|Win32
		{2FD40B09-F224-4E9A-B2FE-A22B50B2DEBF}.Release|x64.ActiveCfg = Release|x64
		{2FD40B09-F224-4E9A-B2FE-A22B50B2DEBF}.Release|x64.Build.0 = Release|x64
		{2FD40B09-F224-4E9A-B2FE-A22B50B2DEBF}.Release|x86.ActiveCfg = Release|Win32
		{2FD40B09-F224-4E9A-B2FE-A22B50B2DEBF}.Release|x86.Build.0 = Release|Win32
		{0C13E5F3-106B-4836-A7C2-8E5808A6ED78}.Debug|amd64.ActiveCfg = Debug|x64
		{0C13E5F3-106B-4836-A7C2-8E5808A6ED78}.Debug|amd64.Build.0 = Debug|x64
		{0C13E5F3-106B-4836-A7C2-8E5808A6ED78}.Debug|Any CPU.ActiveCfg = Debug|x64
		{0C13E5F3-106B-4836-A7C2-8E5808A6ED78}.Debug|Any CPU.Build.0 = Debug|x64
		{0C13E5F3-106B-4836-A7C2-8E5808A6ED78}.Debug|ARM64.ActiveCfg = Debug|x64
		{0C13E5F3-106B-4836-A7C2-8E5808A6ED78}.Debug|ARM64.Build.0 = Debug|x64
		{0C13E5F3-106B-4836-A7C2-8E5808A6ED78}.Debug|IA-32.ActiveCfg = Debug|Win32
		{0C13E5F3-106B-4836-A7C2-8E5808A6ED78}.Debug|Win32.ActiveCfg = Debug|Win32
		{0C13E5F3-106B-4836-A7C2-8E5808A6ED78}.Debug|Win32.Build.0 = Debug|Win32
		{0C13E5F3-106B-4836-A7C2-8E5808A6ED78}.Debug|x64.ActiveCfg = Debug|x64
		{0C13E5F3-106B-4836-A7C2-8E5808A6ED78}.Debug|x64.Build.0 = Debug|x64
		{0C13E5F3-106B-4836-A7C2-8E5808A6ED78}.Debug|x86.ActiveCfg = Debug|Win32
		{0C13E5F3-106B-4836-A7C2-8E5808A6ED78}.Debug|x86.Build.0 = Debug|Win32
		{0C13E5F3-106B-4836-A7C2-8E5808A6ED78}.Release|amd64.ActiveCfg = Release|x64
		{0C13E5F3-106B-4836-A7C2-8E5808A6ED78}.Release|amd64.Build.0 = Release|x64
		{0C13E5F3-106B-4836-A7C2-8E5808A6ED78}.Release|Any CPU.ActiveCfg = Release|x64
		{0C13E5F3-106B-4836-A7C2-8E5808A6ED78}.Release|Any CPU.Build.0 = Release|x64
		{0C13E5F3-106B-4836-A7C2-8E5808A6ED78}.Release|ARM64.ActiveCfg = Release|x64
		{0C13E5F3-106B-4836-A7C2-8E5808A6ED78}.Release|ARM64.Build.0 = Release|x64
		{0C13E5F3-106B-4836-A7C2-8E5808A6ED78}.Release|IA-32.ActiveCfg = Release|Win32
		{0C13E5F3-106B-4836-A7C2-8E5808A6ED78}.Release|Win32.ActiveCfg = Release|Win32
		{0C13E5F3-106B-4836-A7C2-8E5808A6ED78}.Release|Win32.Build.0 = Release|Win32
		{0C13E5F3-106B-4836-A7C2-8E5808A6ED78}.Release|x64.ActiveCfg = Release|x64
		{0C13E5F3-106B-4836-A7C2-8E5808A6ED78}.Release|x64.Build.0 = Release|x64
		{0C13E5F3-106B-4836-A7C2-8E5808A6ED78}.Release|x86.ActiveCfg = Release|Win32
		{0C13E5F3-106B-4836-A7C2-8E5808A6ED78}.Release|x86.Build.0 = Release|Win32
		{1ECCAB38-61B6-4C85-BBB5-2E2232DA3A87}.Debug|amd64.ActiveCfg = Debug|x64
		{1ECCAB38-61B6-4C85-BBB5-2E2232DA3A87}.Debug|amd64.Build.0 = Debug|x64
		{1ECCAB38-61B6-4C85-BBB5-2E2232DA3A87}.Debug|Any CPU.ActiveCfg = Debug|x64
		{1ECCAB38-61B6-4C85-BBB5-2E2232DA3A87}.Debug|Any CPU.Build.0 = Debug|x64
		{1ECCAB38-61B6-4C85-BBB5-2E2232DA3A87}.Debug|ARM64.ActiveCfg = Debug|x64
		{1ECCAB38-61B6-4C85-BBB5-2E2232DA3A87}.Debug|ARM64.Build.0 = Debug|x64
		{1ECCAB38-61B6-4C85-BBB5-2E2232DA3A87}.Debug|IA-32.ActiveCfg = Debug|Win32
		{1ECCAB38-61B6-4C85-BBB5-2E2232DA3A87}.Debug|Win32.ActiveCfg = Debug|Win32
		{1ECCAB38-61B6-4C85-BBB5-2E2232DA3A87}.Debug|Win32.Build.0 = Debug|Win32
		{1ECCAB38-61B6-4C85-BBB5-2E2232DA3A87}.Debug|x64.ActiveCfg = Debug|x64
		{1ECCAB38-61B6-4C85-BBB5-2E2232DA3A87}.Debug|x64.Build.0 = Debug|x64
		{1ECCAB38-61B6-4C85-BBB5-2E2232DA3A87}.Debug|x86.ActiveCfg = Debug|Win32
		{1ECCAB38-61B6-4C85-BBB5-2E2232DA3A87}.Debug|x86.Build.0 = Debug|Win32
		{1ECCAB38-61B6-4C85-BBB5-2E2232DA3A87}.Release|amd64.ActiveCfg = Release|x64
		{1ECCAB38-61B6-4C85-BBB5-2E2232DA3A87}.Release|amd64.Build.0 = Release|x64
		{1ECCAB38-61B6-4C85-BBB5-2E2232DA3A87}.Release|Any CPU.ActiveCfg = Release|x64
		{1ECCAB38-61B6-4C85-BBB5-2E2232DA3A87}.Release|Any CPU.Build.0 = Release|x64
		{1ECCAB38-61B6-4C85-BBB5-2E2232DA3A87}.Release|ARM64.ActiveCfg = Release|x64
		{1ECCAB38-61B6-4C85-BBB5-2E2232DA3A87}.Release|ARM64.Build.0 = Release|x64
		{1ECCAB38-61B6-4C85-BBB5-2E2232DA3A87}.Release|IA-32.ActiveCfg = Release|Win32
		{1ECCAB38-61B6-4C85-BBB5-2E2232DA3A87}.Release|Win32.ActiveCfg = Release|Win32
		{1ECCAB38-61B6-4C85-BBB5-2E2232DA3A87}.Release|Win32.Build.0 = Release|Win32
		{1ECCAB38-61B6-4C85-BBB5-2E2232DA3A87}.Release|x64.ActiveCfg = Release|x64
		{1ECCAB38-61B6-4C85-BBB5-2E2232DA3A87}.Release|x64.Build.0 = Release|x64
		{1ECCAB38-61B6-4C85-BBB5-2E2232DA3A87}.Release|x86.ActiveCfg = Release|Win32
		{1ECCAB38-61B6-4C85-BBB5-2E2232DA3A87}.Release|x86.Build.0 = Release|Win32
		{314A50C1-F0A0-4D0C-89E1-AD8F3951043E}.Debug|amd64.ActiveCfg = Debug|x64
		{314A50C1-F0A0-4D0C-89E1-AD8F3951043E}.Debug|amd64.Build.0 = Debug|x64
		{314A50C1-F0A0-4D0C-89E1-AD8F3951043E}.Debug|Any CPU.ActiveCfg = Debug|x64
		{314A50C1-F0A0-4D0C-89E1-AD8F3951043E}.Debug|Any CPU.Build.0 = Debug|x64
		{314A50C1-F0A0-4D0C-89E1-AD8F3951043E}.Debug|ARM64.ActiveCfg = Debug|x64
		{314A50C1-F0A0-4D0C-89E1-AD8F3951043E}.Debug|ARM64.Build.0 = Debug|x64
		{314A50C1-F0A0-4D0C-89E1-AD8F3951043E}.Debug|IA-32.ActiveCfg = Debug|Win32
		{314A50C1-F0A0-4D0C-89E1-AD8F3951043E}.Debug|Win32.ActiveCfg = Debug|Win32
		{314A50C1-F0A0-4D0C-89E1-AD8F3951043E}.Debug|Win32.Build.0 = Debug|Win32
		{314A50C1-F0A0-4D0C-89E1-AD8F3951043E}.Debug|x64.ActiveCfg = Debug|x64
		{314A50C1-F0A0-4D0C-89E1-AD8F3951043E}.Debug|x64.Build.0 = Debug|x64
		{314A50C1-F0A0-4D0C-89E1-AD8F3951043E}.Debug|x86.ActiveCfg = Debug|Win32
		{314A50C1-F0A0-4D0C-89E1-AD8F3951043E}.Debug|x86.Build.0 = Debug|Win32
		{314A50C1-F0A0-4D0C-89E1-AD8F3951043E}.Release|amd64.ActiveCfg = Release|x64
		{314A50C1-F0A0-4D0C-89E1-AD8F3951043E}.Release|amd64.Build.0 = Release|x64
		{314A50C1-F0A0-4D0C-89E1-AD8F3951043E}.Release|Any CPU.ActiveCfg = Release|x64
		{314A50C1-F0A0-4D0C-89E1-AD8F3951043E}.Release|Any CPU.Build.0 = Release|x64
		{314A50C1-F0A0-4D0C-89E1-AD8F3951043E}.Release|ARM64.ActiveCfg = Release|x64
		{314A50C1-F0A0-4D0C-89E1-AD8F3951043E}.Release|ARM64.Build.0 = Release|x64
		{314A50C1-F0A0-4D0C-89E1-AD8F3951043E}.Release|IA-32.ActiveCfg = Release|Win32
		{314A50C1-F0A0-4D0C-89E1-AD8F3951043E}.Release|Win32.ActiveCfg = Release|Win32
		{314A50C1-F0A0-4D0C-89E1-AD8F3951043E}.Release|Win32.Build.0 = Release|Win32
		{314A50C1-F0A0-4D0C-89E1-AD8F3951043E}.Release|x64.ActiveCfg = Release|x64
		{314A50C1-F0A0-4D0C-89E1-AD8F3951043E}.Release|x64.Build.0 = Release|x64
		{314A50C1-F0A0-4D0C-89E1-AD8F3951043E}.Release|x86.ActiveCfg = Release|Win32
		{314A50C1-F0A0-4D0C-89E1-AD8F3951043E}.Release|x86.Build.0 = Release|Win32
		{AF02ABAC-EAEB-471C-9957-73D430B8B4DE}.Debug|amd64.ActiveCfg = Debug|x64
		{AF02ABAC-EAEB-471C-9957-73D430B8B4DE}.Debug|amd64.Build.0 = Debug|x64
		{AF02ABAC-EAEB-471C-9957-73D430B8B4DE}.Debug|Any CPU.ActiveCfg = Debug|x64
		{AF02ABAC-EAEB-471C-9957-73D430B8B4DE}.Debug|Any CPU.Build.0 = Debug|x64
		{AF02ABAC-EAEB-471C-9957-73D430B8B4DE}.Debug|ARM64.ActiveCfg = Debug|x64
		{AF02ABAC-EAEB-471C-9957-73D430B8B4DE}.Debug|ARM64.Build.0 = Debug|x64
		{AF02ABAC-EAEB-471C-9957-73D430B8B4DE}.Debug|IA-32.ActiveCfg = Debug|Win32
		{AF02ABAC-EAEB-471C-9957-73D430B8B4DE}.Debug|Win32.ActiveCfg = Debug|Win32
		{AF02ABAC-EAEB-471C-9957-73D430B8B4DE}.Debug|Win32.Build.0 = Debug|Win32
		{AF02ABAC-EAEB-471C-9957-73D430B8B4DE}.Debug|x64.ActiveCfg = Debug|x64
		{AF02ABAC-EAEB-471C-9957-73D430B8B4DE}.Debug|x64.Build.0 = Debug|x64
		{AF02ABAC-EAEB-471C-9957-73D430B8B4DE}.Debug|x86.ActiveCfg = Debug|Win32
		{AF02ABAC-EAEB-471C-9957-73D430B8B4DE}.Debug|x86.Build.0 = Debug|Win32
		{AF02ABAC-EAEB-471C-9957-73D430B8B4DE}.Release|amd64.ActiveCfg = Release|x64
		{AF02ABAC-EAEB-471C-9957-73D430B8B4DE}.Release|amd64.Build.0 = Release|x64
		{AF02ABAC-EAEB-471C-9957-73D430B8B4DE}.Release|Any CPU.ActiveCfg = Release|x64
		{AF02ABAC-EAEB-471C-9957-73D430B8B4DE}.Release|Any CPU.Build.0 = Release|x64
		{AF02ABAC-EAEB-471C-9957-73D430B8B4DE}.Release|ARM64.ActiveCfg = Release|x64
		{AF02ABAC-EAEB-471C-9957-73D430B8B4DE}.Release|ARM64.Build.0 = Release|x64
		{AF02ABAC-EAEB-471C-9957-73D430B8B4DE}.Release|IA-32.ActiveCfg = Release|Win32
		{AF02ABAC-EAEB-471C-9957-73D430B8B4DE}.Release|Win32.ActiveCfg = Release|Win32
		{AF02ABAC-EAEB-471C-9957-73D430B8B4DE}.Release|Win32.Build.0 = Release|Win32
		{AF02ABAC-EAEB-471C-9957-73D430B8B4DE}.Release|x64.ActiveCfg = Release|x64
		{AF02ABAC-EAEB-471C-9957-73D430B8B4DE}.Release|x64.Build.0 = Release|x64
		{AF02ABAC-EAEB-471C-9957-73D430B8B4DE}.Release|x86.ActiveCfg = Release|Win32
		{AF02ABAC-EAEB-471C-9957-73D430B8B4DE}.Release|x86.Build.0 = Release|Win32
		{6BF03EEA-200A-4698-9555-057DD52B0C78}.Debug|amd64.ActiveCfg = Debug|x64
		{6BF03EEA-200A-4698-9555-057DD52B0C78}.Debug|amd64.Build.0 = Debug|x64
		{6BF03EEA-200A-4698-9555-057DD52B0C78}.Debug|Any CPU.ActiveCfg = Debug|x64
		{6BF03EEA-200A-4698-9555-057DD52B0C78}.Debug|Any CPU.Build.0 = Debug|x64
		{6BF03EEA-200A-4698-9555-057DD52B0C78}.Debug|ARM64.ActiveCfg = Debug|x64
		{6BF03EEA-200A-4698-9555-057DD52B0C78}.Debug|ARM64.Build.0 = Debug|x64
		{6BF03EEA-200A-4698-9555-057DD52B0C78}.Debug|IA-32.ActiveCfg = Debug|Win32
		{6BF03EEA-200A-4698-9555-057DD52B0C78}.Debug|Win32.ActiveCfg = Debug|Win32
		{6BF03EEA-200A-4698-9555-057DD52B0C78}.Debug|Win32.Build.0 = Debug|Win32
		{6BF03EEA-200A-4698-9555-057DD52B0C78}.Debug|x64.ActiveCfg = Debug|x64
		{6BF03EEA-200A-4698-9555-057DD52B0C78}.Debug|x64.Build.0 = Debug|x64
		{6BF03EEA-200A-4698-9555-057DD52B0C78}.Debug|x86.ActiveCfg = Debug|Win32
		{6BF03EEA-200A-4698-9555-057DD52B0C78}.Debug|x86.Build.0 = Debug|Win32
		{6BF03EEA-200A-4698-9555-057DD52B0C78}.Release|amd64.ActiveCfg = Release|x64
		{6BF03EEA-200A-4698-9555-057DD52B0C78}.Release|amd64.Build.0 = Release|x64
		{6BF03EEA-200A-4698-9555-057DD52B0C78}.Release|Any CPU.ActiveCfg = Release|x64
		{6BF03EEA-200A-4698-9555-057DD52B0C78}.Release|Any CPU.Build.0 = Release|x64
		{6BF03EEA-200A-4698-9555-057DD52B0C78}.Release|ARM64.ActiveCfg = Release|x64
		{6BF03EEA-200A-4698-9555-057DD52B0C78}.Release|ARM64.Build.0 = Release|x64
		{6BF03EEA-200A-4698-9555-057DD52B0C78}.Release|IA-32.ActiveCfg = Release|Win32
		{6BF03EEA-200A-4698-9555-057DD52B0C78}.Release|Win32.ActiveCfg = Release|Win32
		{6BF03EEA-200A-4698-9555-057DD52B0C78}.Release|Win32.Build.0 = Release|Win32
		{6BF03EEA-200A-4698-9555-057DD52B0C78}.Release|x64.ActiveCfg = Release|x64
		{6BF03EEA-200A-4698-9555-057DD52B0C78}.Release|x64.Build.0 = Release|x64
		{6BF03EEA-200A-4698-9555-057DD52B0C78}.Release|x86.ActiveCfg = Release|Win32
		{6BF03EEA-200A-4698-9555-057DD52B0C78}.Release|x86.Build.0 = Release|Win32
		{E51E1965-23C1-43DF-946E-6C0CD51FB058}.Debug|amd64.ActiveCfg = Debug|x64
		{E51E1965-23C1-43DF-946E-6C0CD51FB058}.Debug|amd64.Build.0 = Debug|x64
		{E51E1965-23C1-43DF-946E-6C0CD51FB058}.Debug|Any CPU.ActiveCfg = Debug|x64
		{E51E1965-23C1-43DF-946E-6C0CD51FB058}.Debug|Any CPU.Build.0 = Debug|x64
		{E51E1965-23C1-43DF-946E-6C0CD51FB058}.Debug|ARM64.ActiveCfg = Debug|arm64
		{E51E1965-23C1-43DF-946E-6C0CD51FB058}.Debug|ARM64.Build.0 = Debug|arm64
		{E51E1965-23C1-43DF-946E-6C0CD51FB058}.Debug|IA-32.ActiveCfg = Debug|x64
		{E51E1965-23C1-43DF-946E-6C0CD51FB058}.Debug|IA-32.Build.0 = Debug|x64
		{E51E1965-23C1-43DF-946E-6C0CD51FB058}.Debug|Win32.ActiveCfg = Debug|x86
		{E51E1965-23C1-43DF-946E-6C0CD51FB058}.Debug|Win32.Build.0 = Debug|x86
		{E51E1965-23C1-43DF-946E-6C0CD51FB058}.Debug|x64.ActiveCfg = Debug|x64
		{E51E1965-23C1-43DF-946E-6C0CD51FB058}.Debug|x64.Build.0 = Debug|x64
		{E51E1965-23C1-43DF-946E-6C0CD51FB058}.Debug|x86.ActiveCfg = Debug|x86
		{E51E1965-23C1-43DF-946E-6C0CD51FB058}.Debug|x86.Build.0 = Debug|x86
		{E51E1965-23C1-43DF-946E-6C0CD51FB058}.Release|amd64.ActiveCfg = Release|x64
		{E51E1965-23C1-43DF-946E-6C0CD51FB058}.Release|Any CPU.ActiveCfg = Release|x64
		{E51E1965-23C1-43DF-946E-6C0CD51FB058}.Release|Any CPU.Build.0 = Release|x64
		{E51E1965-23C1-43DF-946E-6C0CD51FB058}.Release|ARM64.ActiveCfg = Release|arm64
		{E51E1965-23C1-43DF-946E-6C0CD51FB058}.Release|ARM64.Build.0 = Release|arm64
		{E51E1965-23C1-43DF-946E-6C0CD51FB058}.Release|IA-32.ActiveCfg = Release|x64
		{E51E1965-23C1-43DF-946E-6C0CD51FB058}.Release|IA-32.Build.0 = Release|x64
		{E51E1965-23C1-43DF-946E-6C0CD51FB058}.Release|Win32.ActiveCfg = Release|x86
		{E51E1965-23C1-43DF-946E-6C0CD51FB058}.Release|Win32.Build.0 = Release|x86
		{E51E1965-23C1-43DF-946E-6C0CD51FB058}.Release|x64.ActiveCfg = Release|x64
		{E51E1965-23C1-43DF-946E-6C0CD51FB058}.Release|x64.Build.0 = Release|x64
		{E51E1965-23C1-43DF-946E-6C0CD51FB058}.Release|x86.ActiveCfg = Release|x86
		{E51E1965-23C1-43DF-946E-6C0CD51FB058}.Release|x86.Build.0 = Release|x86
		{1A116C1A-DBE9-4368-9E64-AEC5F7085995}.Debug|amd64.ActiveCfg = Debug|Any CPU
		{1A116C1A-DBE9-4368-9E64-AEC5F7085995}.Debug|amd64.Build.0 = Debug|Any CPU
		{1A116C1A-DBE9-4368-9E64-AEC5F7085995}.Debug|Any CPU.ActiveCfg = Debug|Any CPU
		{1A116C1A-DBE9-4368-9E64-AEC5F7085995}.Debug|Any CPU.Build.0 = Debug|Any CPU
		{1A116C1A-DBE9-4368-9E64-AEC5F7085995}.Debug|ARM64.ActiveCfg = Debug|arm64
		{1A116C1A-DBE9-4368-9E64-AEC5F7085995}.Debug|ARM64.Build.0 = Debug|arm64
		{1A116C1A-DBE9-4368-9E64-AEC5F7085995}.Debug|IA-32.ActiveCfg = Debug|Any CPU
		{1A116C1A-DBE9-4368-9E64-AEC5F7085995}.Debug|IA-32.Build.0 = Debug|Any CPU
		{1A116C1A-DBE9-4368-9E64-AEC5F7085995}.Debug|Win32.ActiveCfg = Debug|x86
		{1A116C1A-DBE9-4368-9E64-AEC5F7085995}.Debug|Win32.Build.0 = Debug|x86
		{1A116C1A-DBE9-4368-9E64-AEC5F7085995}.Debug|x64.ActiveCfg = Debug|x64
		{1A116C1A-DBE9-4368-9E64-AEC5F7085995}.Debug|x64.Build.0 = Debug|x64
		{1A116C1A-DBE9-4368-9E64-AEC5F7085995}.Debug|x86.ActiveCfg = Debug|x86
		{1A116C1A-DBE9-4368-9E64-AEC5F7085995}.Debug|x86.Build.0 = Debug|x86
		{1A116C1A-DBE9-4368-9E64-AEC5F7085995}.Release|amd64.ActiveCfg = Release|Any CPU
		{1A116C1A-DBE9-4368-9E64-AEC5F7085995}.Release|Any CPU.ActiveCfg = Release|Any CPU
		{1A116C1A-DBE9-4368-9E64-AEC5F7085995}.Release|Any CPU.Build.0 = Release|Any CPU
		{1A116C1A-DBE9-4368-9E64-AEC5F7085995}.Release|ARM64.ActiveCfg = Release|arm64
		{1A116C1A-DBE9-4368-9E64-AEC5F7085995}.Release|ARM64.Build.0 = Release|arm64
		{1A116C1A-DBE9-4368-9E64-AEC5F7085995}.Release|IA-32.ActiveCfg = Release|Any CPU
		{1A116C1A-DBE9-4368-9E64-AEC5F7085995}.Release|IA-32.Build.0 = Release|Any CPU
		{1A116C1A-DBE9-4368-9E64-AEC5F7085995}.Release|Win32.ActiveCfg = Release|x86
		{1A116C1A-DBE9-4368-9E64-AEC5F7085995}.Release|Win32.Build.0 = Release|x86
		{1A116C1A-DBE9-4368-9E64-AEC5F7085995}.Release|x64.ActiveCfg = Release|x64
		{1A116C1A-DBE9-4368-9E64-AEC5F7085995}.Release|x64.Build.0 = Release|x64
		{1A116C1A-DBE9-4368-9E64-AEC5F7085995}.Release|x86.ActiveCfg = Release|x86
		{1A116C1A-DBE9-4368-9E64-AEC5F7085995}.Release|x86.Build.0 = Release|x86
		{93FA47CC-7753-4F86-B583-69048F51C5AB}.Debug|amd64.ActiveCfg = Debug|x64
		{93FA47CC-7753-4F86-B583-69048F51C5AB}.Debug|amd64.Build.0 = Debug|x64
		{93FA47CC-7753-4F86-B583-69048F51C5AB}.Debug|Any CPU.ActiveCfg = Debug|x64
		{93FA47CC-7753-4F86-B583-69048F51C5AB}.Debug|Any CPU.Build.0 = Debug|x64
		{93FA47CC-7753-4F86-B583-69048F51C5AB}.Debug|ARM64.ActiveCfg = Debug|x64
		{93FA47CC-7753-4F86-B583-69048F51C5AB}.Debug|ARM64.Build.0 = Debug|x64
		{93FA47CC-7753-4F86-B583-69048F51C5AB}.Debug|IA-32.ActiveCfg = Debug|Win32
		{93FA47CC-7753-4F86-B583-69048F51C5AB}.Debug|Win32.ActiveCfg = Debug|Win32
		{93FA47CC-7753-4F86-B583-69048F51C5AB}.Debug|Win32.Build.0 = Debug|Win32
		{93FA47CC-7753-4F86-B583-69048F51C5AB}.Debug|x64.ActiveCfg = Debug|x64
		{93FA47CC-7753-4F86-B583-69048F51C5AB}.Debug|x64.Build.0 = Debug|x64
		{93FA47CC-7753-4F86-B583-69048F51C5AB}.Debug|x86.ActiveCfg = Debug|Win32
		{93FA47CC-7753-4F86-B583-69048F51C5AB}.Debug|x86.Build.0 = Debug|Win32
		{93FA47CC-7753-4F86-B583-69048F51C5AB}.Release|amd64.ActiveCfg = Release|x64
		{93FA47CC-7753-4F86-B583-69048F51C5AB}.Release|amd64.Build.0 = Release|x64
		{93FA47CC-7753-4F86-B583-69048F51C5AB}.Release|Any CPU.ActiveCfg = Release|x64
		{93FA47CC-7753-4F86-B583-69048F51C5AB}.Release|Any CPU.Build.0 = Release|x64
		{93FA47CC-7753-4F86-B583-69048F51C5AB}.Release|ARM64.ActiveCfg = Release|x64
		{93FA47CC-7753-4F86-B583-69048F51C5AB}.Release|ARM64.Build.0 = Release|x64
		{93FA47CC-7753-4F86-B583-69048F51C5AB}.Release|IA-32.ActiveCfg = Release|Win32
		{93FA47CC-7753-4F86-B583-69048F51C5AB}.Release|Win32.ActiveCfg = Release|Win32
		{93FA47CC-7753-4F86-B583-69048F51C5AB}.Release|Win32.Build.0 = Release|Win32
		{93FA47CC-7753-4F86-B583-69048F51C5AB}.Release|x64.ActiveCfg = Release|x64
		{93FA47CC-7753-4F86-B583-69048F51C5AB}.Release|x64.Build.0 = Release|x64
		{93FA47CC-7753-4F86-B583-69048F51C5AB}.Release|x86.ActiveCfg = Release|Win32
		{93FA47CC-7753-4F86-B583-69048F51C5AB}.Release|x86.Build.0 = Release|Win32
		{A66C5F27-DBF8-45A4-BDF3-BA54D8D82D0F}.Debug|amd64.ActiveCfg = Debug|x64
		{A66C5F27-DBF8-45A4-BDF3-BA54D8D82D0F}.Debug|amd64.Build.0 = Debug|x64
		{A66C5F27-DBF8-45A4-BDF3-BA54D8D82D0F}.Debug|Any CPU.ActiveCfg = Debug|x64
		{A66C5F27-DBF8-45A4-BDF3-BA54D8D82D0F}.Debug|Any CPU.Build.0 = Debug|x64
		{A66C5F27-DBF8-45A4-BDF3-BA54D8D82D0F}.Debug|ARM64.ActiveCfg = Debug|x64
		{A66C5F27-DBF8-45A4-BDF3-BA54D8D82D0F}.Debug|ARM64.Build.0 = Debug|x64
		{A66C5F27-DBF8-45A4-BDF3-BA54D8D82D0F}.Debug|IA-32.ActiveCfg = Debug|Win32
		{A66C5F27-DBF8-45A4-BDF3-BA54D8D82D0F}.Debug|Win32.ActiveCfg = Debug|Win32
		{A66C5F27-DBF8-45A4-BDF3-BA54D8D82D0F}.Debug|Win32.Build.0 = Debug|Win32
		{A66C5F27-DBF8-45A4-BDF3-BA54D8D82D0F}.Debug|x64.ActiveCfg = Debug|x64
		{A66C5F27-DBF8-45A4-BDF3-BA54D8D82D0F}.Debug|x64.Build.0 = Debug|x64
		{A66C5F27-DBF8-45A4-BDF3-BA54D8D82D0F}.Debug|x86.ActiveCfg = Debug|Win32
		{A66C5F27-DBF8-45A4-BDF3-BA54D8D82D0F}.Debug|x86.Build.0 = Debug|Win32
		{A66C5F27-DBF8-45A4-BDF3-BA54D8D82D0F}.Release|amd64.ActiveCfg = Release|x64
		{A66C5F27-DBF8-45A4-BDF3-BA54D8D82D0F}.Release|amd64.Build.0 = Release|x64
		{A66C5F27-DBF8-45A4-BDF3-BA54D8D82D0F}.Release|Any CPU.ActiveCfg = Release|x64
		{A66C5F27-DBF8-45A4-BDF3-BA54D8D82D0F}.Release|Any CPU.Build.0 = Release|x64
		{A66C5F27-DBF8-45A4-BDF3-BA54D8D82D0F}.Release|ARM64.ActiveCfg = Release|x64
		{A66C5F27-DBF8-45A4-BDF3-BA54D8D82D0F}.Release|ARM64.Build.0 = Release|x64
		{A66C5F27-DBF8-45A4-BDF3-BA54D8D82D0F}.Release|IA-32.ActiveCfg = Release|Win32
		{A66C5F27-DBF8-45A4-BDF3-BA54D8D82D0F}.Release|Win32.ActiveCfg = Release|Win32
		{A66C5F27-DBF8-45A4-BDF3-BA54D8D82D0F}.Release|Win32.Build.0 = Release|Win32
		{A66C5F27-DBF8-45A4-BDF3-BA54D8D82D0F}.Release|x64.ActiveCfg = Release|x64
		{A66C5F27-DBF8-45A4-BDF3-BA54D8D82D0F}.Release|x64.Build.0 = Release|x64
		{A66C5F27-DBF8-45A4-BDF3-BA54D8D82D0F}.Release|x86.ActiveCfg = Release|Win32
		{A66C5F27-DBF8-45A4-BDF3-BA54D8D82D0F}.Release|x86.Build.0 = Release|Win32
		{2E04AA45-F3DB-4DBD-A3D2-D262A675987D}.Debug|amd64.ActiveCfg = Debug|x64
		{2E04AA45-F3DB-4DBD-A3D2-D262A675987D}.Debug|amd64.Build.0 = Debug|x64
		{2E04AA45-F3DB-4DBD-A3D2-D262A675987D}.Debug|amd64.Deploy.0 = Debug|x64
		{2E04AA45-F3DB-4DBD-A3D2-D262A675987D}.Debug|Any CPU.ActiveCfg = Debug|x64
		{2E04AA45-F3DB-4DBD-A3D2-D262A675987D}.Debug|Any CPU.Build.0 = Debug|x64
		{2E04AA45-F3DB-4DBD-A3D2-D262A675987D}.Debug|Any CPU.Deploy.0 = Debug|x64
		{2E04AA45-F3DB-4DBD-A3D2-D262A675987D}.Debug|ARM64.ActiveCfg = Debug|ARM64
		{2E04AA45-F3DB-4DBD-A3D2-D262A675987D}.Debug|ARM64.Build.0 = Debug|ARM64
		{2E04AA45-F3DB-4DBD-A3D2-D262A675987D}.Debug|ARM64.Deploy.0 = Debug|ARM64
		{2E04AA45-F3DB-4DBD-A3D2-D262A675987D}.Debug|IA-32.ActiveCfg = Debug|x64
		{2E04AA45-F3DB-4DBD-A3D2-D262A675987D}.Debug|IA-32.Build.0 = Debug|x64
		{2E04AA45-F3DB-4DBD-A3D2-D262A675987D}.Debug|IA-32.Deploy.0 = Debug|x64
		{2E04AA45-F3DB-4DBD-A3D2-D262A675987D}.Debug|Win32.ActiveCfg = Debug|x86
		{2E04AA45-F3DB-4DBD-A3D2-D262A675987D}.Debug|Win32.Build.0 = Debug|x86
		{2E04AA45-F3DB-4DBD-A3D2-D262A675987D}.Debug|Win32.Deploy.0 = Debug|x86
		{2E04AA45-F3DB-4DBD-A3D2-D262A675987D}.Debug|x64.ActiveCfg = Debug|x64
		{2E04AA45-F3DB-4DBD-A3D2-D262A675987D}.Debug|x64.Build.0 = Debug|x64
		{2E04AA45-F3DB-4DBD-A3D2-D262A675987D}.Debug|x64.Deploy.0 = Debug|x64
		{2E04AA45-F3DB-4DBD-A3D2-D262A675987D}.Debug|x86.ActiveCfg = Debug|x86
		{2E04AA45-F3DB-4DBD-A3D2-D262A675987D}.Debug|x86.Build.0 = Debug|x86
		{2E04AA45-F3DB-4DBD-A3D2-D262A675987D}.Debug|x86.Deploy.0 = Debug|x86
		{2E04AA45-F3DB-4DBD-A3D2-D262A675987D}.Release|amd64.ActiveCfg = Release|x64
		{2E04AA45-F3DB-4DBD-A3D2-D262A675987D}.Release|amd64.Build.0 = Release|x64
		{2E04AA45-F3DB-4DBD-A3D2-D262A675987D}.Release|amd64.Deploy.0 = Release|x64
		{2E04AA45-F3DB-4DBD-A3D2-D262A675987D}.Release|Any CPU.ActiveCfg = Release|x64
		{2E04AA45-F3DB-4DBD-A3D2-D262A675987D}.Release|Any CPU.Build.0 = Release|x64
		{2E04AA45-F3DB-4DBD-A3D2-D262A675987D}.Release|Any CPU.Deploy.0 = Release|x64
		{2E04AA45-F3DB-4DBD-A3D2-D262A675987D}.Release|ARM64.ActiveCfg = Release|ARM64
		{2E04AA45-F3DB-4DBD-A3D2-D262A675987D}.Release|ARM64.Build.0 = Release|ARM64
		{2E04AA45-F3DB-4DBD-A3D2-D262A675987D}.Release|ARM64.Deploy.0 = Release|ARM64
		{2E04AA45-F3DB-4DBD-A3D2-D262A675987D}.Release|IA-32.ActiveCfg = Release|x64
		{2E04AA45-F3DB-4DBD-A3D2-D262A675987D}.Release|IA-32.Build.0 = Release|x64
		{2E04AA45-F3DB-4DBD-A3D2-D262A675987D}.Release|IA-32.Deploy.0 = Release|x64
		{2E04AA45-F3DB-4DBD-A3D2-D262A675987D}.Release|Win32.ActiveCfg = Release|x86
		{2E04AA45-F3DB-4DBD-A3D2-D262A675987D}.Release|Win32.Build.0 = Release|x86
		{2E04AA45-F3DB-4DBD-A3D2-D262A675987D}.Release|Win32.Deploy.0 = Release|x86
		{2E04AA45-F3DB-4DBD-A3D2-D262A675987D}.Release|x64.ActiveCfg = Release|x64
		{2E04AA45-F3DB-4DBD-A3D2-D262A675987D}.Release|x64.Build.0 = Release|x64
		{2E04AA45-F3DB-4DBD-A3D2-D262A675987D}.Release|x64.Deploy.0 = Release|x64
		{2E04AA45-F3DB-4DBD-A3D2-D262A675987D}.Release|x86.ActiveCfg = Release|x86
		{2E04AA45-F3DB-4DBD-A3D2-D262A675987D}.Release|x86.Build.0 = Release|x86
		{2E04AA45-F3DB-4DBD-A3D2-D262A675987D}.Release|x86.Deploy.0 = Release|x86
	EndGlobalSection
	GlobalSection(SolutionProperties) = preSolution
		HideSolutionNode = FALSE
	EndGlobalSection
	GlobalSection(ExtensibilityGlobals) = postSolution
		SolutionGuid = {39EBC2F0-6949-46EC-9FC2-776591FEE2DA}
	EndGlobalSection
EndGlobal
